
Microsoft Visual Studio Solution File, Format Version 12.00
# Visual Studio Version 17
VisualStudioVersion = 17.3.32929.385
MinimumVisualStudioVersion = 10.0.40219.1
Project("{FAE04EC0-301F-11D3-BF4B-00C04F79EFBC}") = "Практичне_завдання3", "Практичне_завдання3\Практичне_завдання3.csproj", "{89E71E1F-4D93-4595-A304-98B4C5012DA3}"
EndProject
Global
	GlobalSection(SolutionConfigurationPlatforms) = preSolution
		Debug|Any CPU = Debug|Any CPU
		Release|Any CPU = Release|Any CPU
	EndGlobalSection
	GlobalSection(ProjectConfigurationPlatforms) = postSolution
		{89E71E1F-4D93-4595-A304-98B4C5012DA3}.Debug|Any CPU.ActiveCfg = Debug|Any CPU
		{89E71E1F-4D93-4595-A304-98B4C5012DA3}.Debug|Any CPU.Build.0 = Debug|Any CPU
		{89E71E1F-4D93-4595-A304-98B4C5012DA3}.Release|Any CPU.ActiveCfg = Release|Any CPU
		{89E71E1F-4D93-4595-A304-98B4C5012DA3}.Release|Any CPU.Build.0 = Release|Any CPU
	EndGlobalSection
	GlobalSection(SolutionProperties) = preSolution
		HideSolutionNode = FALSE
	EndGlobalSection
	GlobalSection(ExtensibilityGlobals) = postSolution
		SolutionGuid = {D2F791C8-E03F-40C5-860E-B8BD4319FBF9}
	EndGlobalSection
EndGlobal
